github.com/mattetti/filebuffer v0.0.0-20171024213321-3a1e8e5a6548 h1:2vAdqCJ4YOqggo3SyB3DTSrrFEL1tsiSRBhL683uo3c=
github.com/mattetti/filebuffer v0.0.0-20171024213321-3a1e8e5a6548/go.mod h1:YdMURNDOttIiruleeVr6f56OrMc+MydEnTcXwtkxNVs=
github.com/mattetti/filebuffer v1.0.0/go.mod h1:X6nyAIge2JGVmuJt2MFCqmHrb/5IHiphfHtot0s5cnI=
